{
  "name": "aniplaylist",
  "version": "0.0.0",
  "lockfileVersion": 3,
  "requires": true,
  "packages": {
    "": {
      "name": "aniplaylist",
      "version": "0.0.0",
      "dependencies": {
        "pinia": "^2.0.28",
        "vue": "^3.2.45",
        "vue-router": "^4.1.6"
      },
      "devDependencies": {
        "@vitejs/plugin-vue": "^4.0.0",
        "vite": "^4.0.0"
      }
    },
    "node_modules/@babel/parser": {
      "version": "7.20.15",
      "license": "MIT",
      "bin": {
        "parser": "bin/babel-parser.js"
      },
      "engines": {
        "node": ">=6.0.0"
      }
    },
    "node_modules/@esbuild/win32-x64": {
      "version": "0.16.17",
      "cpu": [
        "x64"
      ],
      "dev": true,
      "license": "MIT",
      "optional": true,
      "os": [
        "win32"
      ],
      "engines": {
        "node": ">=12"
      }
    },
    "node_modules/@vitejs/plugin-vue": {
      "version": "4.0.0",
      "dev": true,
      "license": "MIT",
      "engines": {
        "node": "^14.18.0 || >=16.0.0"
      },
      "peerDependencies": {
        "vite": "^4.0.0",
        "vue": "^3.2.25"
      }
    },
    "node_modules/@vue/compiler-core": {
      "version": "3.2.47",
      "license": "MIT",
      "dependencies": {
        "@babel/parser": "^7.16.4",
        "@vue/shared": "3.2.47",
        "estree-walker": "^2.0.2",
        "source-map": "^0.6.1"
      }
    },
    "node_modules/@vue/compiler-dom": {
      "version": "3.2.47",
      "license": "MIT",
      "dependencies": {
        "@vue/compiler-core": "3.2.47",
        "@vue/shared": "3.2.47"
      }
    },
    "node_modules/@vue/compiler-sfc": {
      "version": "3.2.47",
      "license": "MIT",
      "dependencies": {
        "@babel/parser": "^7.16.4",
        "@vue/compiler-core": "3.2.47",
        "@vue/compiler-dom": "3.2.47",
        "@vue/compiler-ssr": "3.2.47",
        "@vue/reactivity-transform": "3.2.47",
        "@vue/shared": "3.2.47",
        "estree-walker": "^2.0.2",
        "magic-string": "^0.25.7",
        "postcss": "^8.1.10",
        "source-map": "^0.6.1"
      }
    },
    "node_modules/@vue/compiler-ssr": {
      "version": "3.2.47",
      "license": "MIT",
      "dependencies": {
        "@vue/compiler-dom": "3.2.47",
        "@vue/shared": "3.2.47"
      }
    },
    "node_modules/@vue/devtools-api": {
      "version": "6.5.0",
      "license": "MIT"
    },
    "node_modules/@vue/reactivity": {
      "version": "3.2.47",
      "license": "MIT",
      "dependencies": {
        "@vue/shared": "3.2.47"
      }
    },
    "node_modules/@vue/reactivity-transform": {
      "version": "3.2.47",
      "license": "MIT",
      "dependencies": {
        "@babel/parser": "^7.16.4",
        "@vue/compiler-core": "3.2.47",
        "@vue/shared": "3.2.47",
        "estree-walker": "^2.0.2",
        "magic-string": "^0.25.7"
      }
    },
    "node_modules/@vue/runtime-core": {
      "version": "3.2.47",
      "license": "MIT",
      "dependencies": {
        "@vue/reactivity": "3.2.47",
        "@vue/shared": "3.2.47"
      }
    },
    "node_modules/@vue/runtime-dom": {
      "version": "3.2.47",
      "license": "MIT",
      "dependencies": {
        "@vue/runtime-core": "3.2.47",
        "@vue/shared": "3.2.47",
        "csstype": "^2.6.8"
      }
    },
    "node_modules/@vue/server-renderer": {
      "version": "3.2.47",
      "license": "MIT",
      "dependencies": {
        "@vue/compiler-ssr": "3.2.47",
        "@vue/shared": "3.2.47"
      },
      "peerDependencies": {
        "vue": "3.2.47"
      }
    },
    "node_modules/@vue/shared": {
      "version": "3.2.47",
      "license": "MIT"
    },
    "node_modules/csstype": {
      "version": "2.6.21",
      "license": "MIT"
    },
    "node_modules/esbuild": {
      "version": "0.16.17",
      "dev": true,
      "hasInstallScript": true,
      "license": "MIT",
      "bin": {
        "esbuild": "bin/esbuild"
      },
      "engines": {
        "node": ">=12"
      },
      "optionalDependencies": {
        "@esbuild/android-arm": "0.16.17",
        "@esbuild/android-arm64": "0.16.17",
        "@esbuild/android-x64": "0.16.17",
        "@esbuild/darwin-arm64": "0.16.17",
        "@esbuild/darwin-x64": "0.16.17",
        "@esbuild/freebsd-arm64": "0.16.17",
        "@esbuild/freebsd-x64": "0.16.17",
        "@esbuild/linux-arm": "0.16.17",
        "@esbuild/linux-arm64": "0.16.17",
        "@esbuild/linux-ia32": "0.16.17",
        "@esbuild/linux-loong64": "0.16.17",
        "@esbuild/linux-mips64el": "0.16.17",
        "@esbuild/linux-ppc64": "0.16.17",
        "@esbuild/linux-riscv64": "0.16.17",
        "@esbuild/linux-s390x": "0.16.17",
        "@esbuild/linux-x64": "0.16.17",
        "@esbuild/netbsd-x64": "0.16.17",
        "@esbuild/openbsd-x64": "0.16.17",
        "@esbuild/sunos-x64": "0.16.17",
        "@esbuild/win32-arm64": "0.16.17",
        "@esbuild/win32-ia32": "0.16.17",
        "@esbuild/win32-x64": "0.16.17"
      }
    },
    "node_modules/estree-walker": {
      "version": "2.0.2",
      "license": "MIT"
    },
    "node_modules/function-bind": {
      "version": "1.1.1",
      "dev": true,
      "license": "MIT"
    },
    "node_modules/has": {
      "version": "1.0.3",
      "dev": true,
      "license": "MIT",
      "dependencies": {
        "function-bind": "^1.1.1"
      },
      "engines": {
        "node": ">= 0.4.0"
      }
    },
    "node_modules/is-core-module": {
      "version": "2.11.0",
      "dev": true,
      "license": "MIT",
      "dependencies": {
        "has": "^1.0.3"
      },
      "funding": {
        "url": "https://github.com/sponsors/ljharb"
      }
    },
    "node_modules/magic-string": {
      "version": "0.25.9",
      "license": "MIT",
      "dependencies": {
        "sourcemap-codec": "^1.4.8"
      }
    },
    "node_modules/nanoid": {
      "version": "3.3.4",
      "license": "MIT",
      "bin": {
        "nanoid": "bin/nanoid.cjs"
      },
      "engines": {
        "node": "^10 || ^12 || ^13.7 || ^14 || >=15.0.1"
      }
    },
    "node_modules/path-parse": {
      "version": "1.0.7",
      "dev": true,
      "license": "MIT"
    },
    "node_modules/picocolors": {
      "version": "1.0.0",
      "license": "ISC"
    },
    "node_modules/pinia": {
      "version": "2.0.30",
      "license": "MIT",
      "dependencies": {
        "@vue/devtools-api": "^6.4.5",
        "vue-demi": "*"
      },
      "funding": {
        "url": "https://github.com/sponsors/posva"
      },
      "peerDependencies": {
        "@vue/composition-api": "^1.4.0",
        "typescript": ">=4.4.4",
        "vue": "^2.6.14 || ^3.2.0"
      },
      "peerDependenciesMeta": {
        "@vue/composition-api": {
          "optional": true
        },
        "typescript": {
          "optional": true
        }
      }
    },
    "node_modules/pinia/node_modules/vue-demi": {
      "version": "0.13.11",
      "hasInstallScript": true,
      "license": "MIT",
      "bin": {
        "vue-demi-fix": "bin/vue-demi-fix.js",
        "vue-demi-switch": "bin/vue-demi-switch.js"
      },
      "engines": {
        "node": ">=12"
      },
      "funding": {
        "url": "https://github.com/sponsors/antfu"
      },
      "peerDependencies": {
        "@vue/composition-api": "^1.0.0-rc.1",
        "vue": "^3.0.0-0 || ^2.6.0"
      },
      "peerDependenciesMeta": {
        "@vue/composition-api": {
          "optional": true
        }
      }
    },
    "node_modules/postcss": {
      "version": "8.4.21",
      "funding": [
        {
          "type": "opencollective",
          "url": "https://opencollective.com/postcss/"
        },
        {
          "type": "tidelift",
          "url": "https://tidelift.com/funding/github/npm/postcss"
        }
      ],
      "license": "MIT",
      "dependencies": {
        "nanoid": "^3.3.4",
        "picocolors": "^1.0.0",
        "source-map-js": "^1.0.2"
      },
      "engines": {
        "node": "^10 || ^12 || >=14"
      }
    },
    "node_modules/resolve": {
      "version": "1.22.1",
      "dev": true,
      "license": "MIT",
      "dependencies": {
        "is-core-module": "^2.9.0",
        "path-parse": "^1.0.7",
        "supports-preserve-symlinks-flag": "^1.0.0"
      },
      "bin": {
        "resolve": "bin/resolve"
      },
      "funding": {
        "url": "https://github.com/sponsors/ljharb"
      }
    },
    "node_modules/rollup": {
      "version": "3.14.0",
      "dev": true,
      "license": "MIT",
      "bin": {
        "rollup": "dist/bin/rollup"
      },
      "engines": {
        "node": ">=14.18.0",
        "npm": ">=8.0.0"
      },
      "optionalDependencies": {
        "fsevents": "~2.3.2"
      }
    },
    "node_modules/source-map": {
      "version": "0.6.1",
      "license": "BSD-3-Clause",
      "engines": {
        "node": ">=0.10.0"
      }
    },
    "node_modules/source-map-js": {
      "version": "1.0.2",
      "license": "BSD-3-Clause",
      "engines": {
        "node": ">=0.10.0"
      }
    },
    "node_modules/sourcemap-codec": {
      "version": "1.4.8",
      "license": "MIT"
    },
    "node_modules/supports-preserve-symlinks-flag": {
      "version": "1.0.0",
      "dev": true,
      "license": "MIT",
      "engines": {
        "node": ">= 0.4"
      },
      "funding": {
        "url": "https://github.com/sponsors/ljharb"
      }
    },
    "node_modules/tsparticles": {
      "version": "2.8.0",
      "resolved": "https://registry.npmjs.org/tsparticles/-/tsparticles-2.8.0.tgz",
      "integrity": "sha512-TgIdmPU/leNK68n2dgu+lRsC3At0pbP0xP3SU9gLkMyJxXHlsvtTsFafR2q9PlD1FoAPxkBMBTwspysagCeFdA==",
      "dependencies": {
        "tsparticles-engine": "^2.8.0",
        "tsparticles-interaction-external-trail": "^2.8.0",
        "tsparticles-plugin-absorbers": "^2.8.0",
        "tsparticles-plugin-emitters": "^2.8.0",
        "tsparticles-slim": "^2.8.0",
        "tsparticles-updater-destroy": "^2.8.0",
        "tsparticles-updater-roll": "^2.8.0",
        "tsparticles-updater-tilt": "^2.8.0",
        "tsparticles-updater-twinkle": "^2.8.0",
        "tsparticles-updater-wobble": "^2.8.0"
      },
      "funding": {
        "type": "github",
        "url": "https://github.com/sponsors/matteobruni"
      }
    },
    "node_modules/tsparticles-engine": {
      "version": "2.8.0",
      "resolved": "https://registry.npmjs.org/tsparticles-engine/-/tsparticles-engine-2.8.0.tgz",
      "integrity": "sha512-r0cWKxefQkQCzU+RRG/82VQnl/fAkws27EuYIOKcnHiYsWnZYcX8iPiQs/qgDajP0haBSn4Vui8UbTCAwSFniw==",
      "funding": [
        {
          "type": "github",
          "url": "https://github.com/sponsors/matteobruni"
        },
        {
          "type": "buymeacoffee",
          "url": "https://www.buymeacoffee.com/matteobruni"
        }
      ],
      "hasInstallScript": true
    },
    "node_modules/tsparticles-interaction-external-attract": {
      "version": "2.8.0",
      "resolved": "https://registry.npmjs.org/tsparticles-interaction-external-attract/-/tsparticles-interaction-external-attract-2.8.0.tgz",
      "integrity": "sha512-9M0aiVcv6KmjlYFJO7YiNHMehLGsABY0fJjI8qW0zsNVDDWw7Cc7TVdjJUyoIPimmwQtX5WFkzBxO4+bEIVyVQ==",
      "dependencies": {
        "tsparticles-engine": "^2.8.0"
      }
    },
    "node_modules/tsparticles-interaction-external-bounce": {
      "version": "2.8.0",
      "resolved": "https://registry.npmjs.org/tsparticles-interaction-external-bounce/-/tsparticles-interaction-external-bounce-2.8.0.tgz",
      "integrity": "sha512-6cMXiLxd7rb64kuOrlIzROnVWZwtfyl5imnH+9WpBeH5MAZF98XQnVZ09jfEByEmIg76yimQz2M4v10WCGG+dg==",
      "dependencies": {
        "tsparticles-engine": "^2.8.0"
      }
    },
    "node_modules/tsparticles-interaction-external-bubble": {
      "version": "2.8.0",
      "resolved": "https://registry.npmjs.org/tsparticles-interaction-external-bubble/-/tsparticles-interaction-external-bubble-2.8.0.tgz",
      "integrity": "sha512-raz+PMzxhXO3j/DBIP69jwfIrJpCP0CR1wdczzDd2lpMFpAgI9VuGkIMmH/9/sbDbjRtYWzRsHWIikdkud8W1Q==",
      "dependencies": {
        "tsparticles-engine": "^2.8.0"
      }
    },
    "node_modules/tsparticles-interaction-external-connect": {
      "version": "2.8.0",
      "resolved": "https://registry.npmjs.org/tsparticles-interaction-external-connect/-/tsparticles-interaction-external-connect-2.8.0.tgz",
      "integrity": "sha512-h21JkfP2VWPntkB0Cpu05JC5xRVDEyKmGIxHbBkTTRdI4AyUN9an9LXK6rlOsNB/FDK8hN4qaLuu/szUnf14ng==",
      "dependencies": {
        "tsparticles-engine": "^2.8.0"
      }
    },
    "node_modules/tsparticles-interaction-external-grab": {
      "version": "2.8.0",
      "resolved": "https://registry.npmjs.org/tsparticles-interaction-external-grab/-/tsparticles-interaction-external-grab-2.8.0.tgz",
      "integrity": "sha512-V5LzHDCRx5KEYXUe6UKmc2sv+zPsg0ruzBaH4mjWW/KXZGofuCewF7v00GopPEMZJiq3kf24ERIu2XAnUxo9+g==",
      "dependencies": {
        "tsparticles-engine": "^2.8.0"
      }
    },
    "node_modules/tsparticles-interaction-external-pause": {
      "version": "2.8.0",
      "resolved": "https://registry.npmjs.org/tsparticles-interaction-external-pause/-/tsparticles-interaction-external-pause-2.8.0.tgz",
      "integrity": "sha512-Y67sb2TRa0UGp9e5eJhEpwE9pXj+Fxc6D4bUHzmaubOM01HYBE/GsOLF0wH3JUUpkkSOCc4elXYpU8sN0N8zqQ==",
      "dependencies": {
        "tsparticles-engine": "^2.8.0"
      }
    },
    "node_modules/tsparticles-interaction-external-push": {
      "version": "2.8.0",
      "resolved": "https://registry.npmjs.org/tsparticles-interaction-external-push/-/tsparticles-interaction-external-push-2.8.0.tgz",
      "integrity": "sha512-2IdfoQ/vIbK5XtwVq/s8MZKOckJJHx6ndGCrbvcJcrqecnIdJmbu+jIos7pilyHTDZQ/euN5O8zPpNU1xrow4g==",
      "dependencies": {
        "tsparticles-engine": "^2.8.0"
      }
    },
    "node_modules/tsparticles-interaction-external-remove": {
      "version": "2.8.0",
      "resolved": "https://registry.npmjs.org/tsparticles-interaction-external-remove/-/tsparticles-interaction-external-remove-2.8.0.tgz",
      "integrity": "sha512-KkAdvevH5VHU0xJhyhsZ3Jq4I2qYA0U1EpDpuuHjnuRfs2nc7eVx/SFQ6RfEEuST0sOR1B8RNlvB6g1XKqcXXw==",
      "dependencies": {
        "tsparticles-engine": "^2.8.0"
      }
    },
    "node_modules/tsparticles-interaction-external-repulse": {
      "version": "2.8.0",
      "resolved": "https://registry.npmjs.org/tsparticles-interaction-external-repulse/-/tsparticles-interaction-external-repulse-2.8.0.tgz",
      "integrity": "sha512-N2MnXhKZMDV3oIHuLs6yWxsNf018E2tk7+N+8wAd4cMGfB5kr3ygulCFrzQFxmRvAcl+pb+jwCOzLzE0Hq/fNw==",
      "dependencies": {
        "tsparticles-engine": "^2.8.0"
      }
    },
    "node_modules/tsparticles-interaction-external-slow": {
      "version": "2.8.0",
      "resolved": "https://registry.npmjs.org/tsparticles-interaction-external-slow/-/tsparticles-interaction-external-slow-2.8.0.tgz",
      "integrity": "sha512-jzhShoTTtlxuhtGzEmjChP1kfnh4H7NNYkq3d61sI3culNIBVxjD67cMl9PMEe/0kqXoQb6E28O6Ncxk+lSrRw==",
      "dependencies": {
        "tsparticles-engine": "^2.8.0"
      }
    },
    "node_modules/tsparticles-interaction-external-trail": {
      "version": "2.8.0",
      "resolved": "https://registry.npmjs.org/tsparticles-interaction-external-trail/-/tsparticles-interaction-external-trail-2.8.0.tgz",
      "integrity": "sha512-fmRdju4Wk8r2Xkye47vqHCl220cEHVvsM/ao99+XV+22XilETnnjRcE+s0bTspHTmmWCjtfejYW0qMNgPnYIdA==",
      "dependencies": {
        "tsparticles-engine": "^2.8.0"
      }
    },
    "node_modules/tsparticles-interaction-particles-attract": {
      "version": "2.8.0",
      "resolved": "https://registry.npmjs.org/tsparticles-interaction-particles-attract/-/tsparticles-interaction-particles-attract-2.8.0.tgz",
      "integrity": "sha512-iF+jLdfReruIehkJfvopjAwOKESjb6OrNhoXhLoFR0a75/9LLu9/jhTEYWGUfagfcsHHT/jdbm0upn4kYRgYVQ==",
      "dependencies": {
        "tsparticles-engine": "^2.8.0"
      }
    },
    "node_modules/tsparticles-interaction-particles-collisions": {
      "version": "2.8.0",
      "resolved": "https://registry.npmjs.org/tsparticles-interaction-particles-collisions/-/tsparticles-interaction-particles-collisions-2.8.0.tgz",
      "integrity": "sha512-jOpuYtXuwbpWhtiwQ2XqcW40gMeznsJnBaU9SpjiB/MVOgY+YNHO+1iu+Oi4teZx5lxkiI1n5gxSj6m4ngK+5Q==",
      "dependencies": {
        "tsparticles-engine": "^2.8.0"
      }
    },
    "node_modules/tsparticles-interaction-particles-links": {
      "version": "2.8.0",
      "resolved": "https://registry.npmjs.org/tsparticles-interaction-particles-links/-/tsparticles-interaction-particles-links-2.8.0.tgz",
      "integrity": "sha512-f1kFbghNryC0avW8yUJyfkLOaulcJu2o4zfGuvqVt4U6iSyg3CAMyTIUR1BYrDFM2ij1gBEerdWo/QkpEZYS3w==",
      "dependencies": {
        "tsparticles-engine": "^2.8.0"
      }
    },
    "node_modules/tsparticles-move-base": {
      "version": "2.8.0",
      "resolved": "https://registry.npmjs.org/tsparticles-move-base/-/tsparticles-move-base-2.8.0.tgz",
      "integrity": "sha512-+LA6sJ429gvPsto6iX8Xf2WK13FDcdAgjU5jKmSXqFouAdFfiClj+QM0jjnAS4LT5UYjter6twrjwFawXctj0w==",
      "dependencies": {
        "tsparticles-engine": "^2.8.0"
      }
    },
    "node_modules/tsparticles-move-parallax": {
      "version": "2.8.0",
      "resolved": "https://registry.npmjs.org/tsparticles-move-parallax/-/tsparticles-move-parallax-2.8.0.tgz",
      "integrity": "sha512-1NZAQmTIMILvNDXF8l8wRcn3U5pM1Y9rk/zARzIVuIQ/EwSlSf21jqY/Koye11fjMwNB6AchEwEK2b1+76tsKQ==",
      "dependencies": {
        "tsparticles-engine": "^2.8.0"
      }
    },
    "node_modules/tsparticles-particles.js": {
      "version": "2.8.0",
      "resolved": "https://registry.npmjs.org/tsparticles-particles.js/-/tsparticles-particles.js-2.8.0.tgz",
      "integrity": "sha512-jYAhWIlKkN6oBRROmeYCUTDF1roomVT1HtPpDFMzIXyVQo1t4Y90b0/Z/tw+FZpDd5KsVx95VWmogDCmyBGJww==",
      "dependencies": {
        "tsparticles-engine": "^2.8.0"
      },
      "funding": {
        "type": "github",
        "url": "https://github.com/sponsors/matteobruni"
      }
    },
    "node_modules/tsparticles-plugin-absorbers": {
      "version": "2.8.0",
      "resolved": "https://registry.npmjs.org/tsparticles-plugin-absorbers/-/tsparticles-plugin-absorbers-2.8.0.tgz",
      "integrity": "sha512-9P7yth/UDwYM8N93qBL6eLfM3u3YlJr0SDuYGfWvJmRwdLpZAImYFPBjPUgo8y95lRw43WoBj1JHD0nJLfvaZw==",
      "dependencies": {
        "tsparticles-engine": "^2.8.0"
      }
    },
    "node_modules/tsparticles-plugin-easing-quad": {
      "version": "2.8.0",
      "resolved": "https://registry.npmjs.org/tsparticles-plugin-easing-quad/-/tsparticles-plugin-easing-quad-2.8.0.tgz",
      "integrity": "sha512-c0DoFzaYUrCcrybzTUJjhuBKaiyvpeIr3BzDBrLsOBJowXx7GShsIfQxlsSQGHQu4UaIqIkPhXrWAoLr1jE8XQ==",
      "funding": [
        {
          "type": "github",
          "url": "https://github.com/sponsors/matteobruni"
        },
        {
          "type": "buymeacoffee",
          "url": "https://www.buymeacoffee.com/matteobruni"
        }
      ],
      "dependencies": {
        "tsparticles-engine": "^2.8.0"
      }
    },
    "node_modules/tsparticles-plugin-emitters": {
      "version": "2.8.0",
      "resolved": "https://registry.npmjs.org/tsparticles-plugin-emitters/-/tsparticles-plugin-emitters-2.8.0.tgz",
      "integrity": "sha512-3my+DcdQvf47j2XsUy2QRabb5vR/UIcqtzGNazNI9W0WdVUDCUF8vlhBkNji/D2jiUpCuKozzy3lb5uAFFCeYw==",
      "dependencies": {
        "tsparticles-engine": "^2.8.0"
      }
    },
    "node_modules/tsparticles-shape-circle": {
      "version": "2.8.0",
      "resolved": "https://registry.npmjs.org/tsparticles-shape-circle/-/tsparticles-shape-circle-2.8.0.tgz",
      "integrity": "sha512-mjBPnTakFZliBh9BZXtvHMjDR5CVst172XtypoMEwhqncal4Mp9rVAmGd43ctekQ/O45WB/2NykaGGLBkq4h7A==",
      "dependencies": {
        "tsparticles-engine": "^2.8.0"
      }
    },
    "node_modules/tsparticles-shape-image": {
      "version": "2.8.0",
      "resolved": "https://registry.npmjs.org/tsparticles-shape-image/-/tsparticles-shape-image-2.8.0.tgz",
      "integrity": "sha512-59uB2jjq5KizzdB2PeL/TYsnezSgTM3dEtklgZoNPj3PsZnd8s/H3U5h3t7KrD2WurO1qktllbjf08FeQA6dJg==",
      "dependencies": {
        "tsparticles-engine": "^2.8.0"
      }
    },
    "node_modules/tsparticles-shape-line": {
      "version": "2.8.0",
      "resolved": "https://registry.npmjs.org/tsparticles-shape-line/-/tsparticles-shape-line-2.8.0.tgz",
      "integrity": "sha512-jDLtFNk9LL/Zqh5NM2ttMVoT3dmrAev91g8cVCgyFEFqq59zbOblWpF9sdr7A8c6H9w+Exm+aToB5TI/led/uA==",
      "dependencies": {
        "tsparticles-engine": "^2.8.0"
      }
    },
    "node_modules/tsparticles-shape-polygon": {
      "version": "2.8.0",
      "resolved": "https://registry.npmjs.org/tsparticles-shape-polygon/-/tsparticles-shape-polygon-2.8.0.tgz",
      "integrity": "sha512-ZnWks0m1Cp1594s4NcD5oxRavLxVqBy21UoTzYEg/Ee9o0hm9GbRPNmYbh0/WeAs5xqlfHPADKP7qnt8ReiTpw==",
      "dependencies": {
        "tsparticles-engine": "^2.8.0"
      }
    },
    "node_modules/tsparticles-shape-square": {
      "version": "2.8.0",
      "resolved": "https://registry.npmjs.org/tsparticles-shape-square/-/tsparticles-shape-square-2.8.0.tgz",
      "integrity": "sha512-CRb3f19mybOQt2NvHytvAYfNOfQ3yQOTWQp/4xv+w/oRcVybYRHdhhcziDQ7VXtwHob0m8PbhDo4RnMZQb4/Eg==",
      "dependencies": {
        "tsparticles-engine": "^2.8.0"
      }
    },
    "node_modules/tsparticles-shape-star": {
      "version": "2.8.0",
      "resolved": "https://registry.npmjs.org/tsparticles-shape-star/-/tsparticles-shape-star-2.8.0.tgz",
      "integrity": "sha512-Or8GIozZPx0J83cfHX3923/bHsQr6wqif6jMAm1922Dp00Ycx3RgRMo2Jcj25j17VGEfBtLyT6l0/H5WJarYvQ==",
      "dependencies": {
        "tsparticles-engine": "^2.8.0"
      }
    },
    "node_modules/tsparticles-shape-text": {
      "version": "2.8.0",
      "resolved": "https://registry.npmjs.org/tsparticles-shape-text/-/tsparticles-shape-text-2.8.0.tgz",
      "integrity": "sha512-02h0fjGQ0LIzjiBG6hbcUqkntyIXzuFzPbi2d0EwXFLYdoMSR/EGr58vW7Mbq31ferDGN+mG2che2sqEsV8ZUw==",
      "dependencies": {
        "tsparticles-engine": "^2.8.0"
      }
    },
    "node_modules/tsparticles-slim": {
      "version": "2.8.0",
      "resolved": "https://registry.npmjs.org/tsparticles-slim/-/tsparticles-slim-2.8.0.tgz",
      "integrity": "sha512-Ev9AIxxBvjzHgGLYaZNBtZsIRGEGef5CRD5KKVTUzDFCCuxwSw9UMdRFXSYpykdQw7+8Zp0yroTHJ/yW9+9Apw==",
      "dependencies": {
        "tsparticles-engine": "^2.8.0",
        "tsparticles-interaction-external-attract": "^2.8.0",
        "tsparticles-interaction-external-bounce": "^2.8.0",
        "tsparticles-interaction-external-bubble": "^2.8.0",
        "tsparticles-interaction-external-connect": "^2.8.0",
        "tsparticles-interaction-external-grab": "^2.8.0",
        "tsparticles-interaction-external-pause": "^2.8.0",
        "tsparticles-interaction-external-push": "^2.8.0",
        "tsparticles-interaction-external-remove": "^2.8.0",
        "tsparticles-interaction-external-repulse": "^2.8.0",
        "tsparticles-interaction-external-slow": "^2.8.0",
        "tsparticles-interaction-particles-attract": "^2.8.0",
        "tsparticles-interaction-particles-collisions": "^2.8.0",
        "tsparticles-interaction-particles-links": "^2.8.0",
        "tsparticles-move-base": "^2.8.0",
        "tsparticles-move-parallax": "^2.8.0",
        "tsparticles-particles.js": "^2.8.0",
        "tsparticles-plugin-easing-quad": "^2.8.0",
        "tsparticles-shape-circle": "^2.8.0",
        "tsparticles-shape-image": "^2.8.0",
        "tsparticles-shape-line": "^2.8.0",
        "tsparticles-shape-polygon": "^2.8.0",
        "tsparticles-shape-square": "^2.8.0",
        "tsparticles-shape-star": "^2.8.0",
        "tsparticles-shape-text": "^2.8.0",
        "tsparticles-updater-angle": "^2.8.0",
        "tsparticles-updater-color": "^2.8.0",
        "tsparticles-updater-life": "^2.8.0",
        "tsparticles-updater-opacity": "^2.8.0",
        "tsparticles-updater-out-modes": "^2.8.0",
        "tsparticles-updater-size": "^2.8.0",
        "tsparticles-updater-stroke-color": "^2.8.0"
      },
      "funding": {
        "type": "github",
        "url": "https://github.com/sponsors/matteobruni"
      }
    },
    "node_modules/tsparticles-updater-angle": {
      "version": "2.8.0",
      "resolved": "https://registry.npmjs.org/tsparticles-updater-angle/-/tsparticles-updater-angle-2.8.0.tgz",
      "integrity": "sha512-MjBoTiUcdn2or9E5+zvrZmiRGlt1AtWenNCCLF1CKEAwLGPFZukJEFcXiH8iMyb4rNKAz8rHM/Em48DjkQGFwg==",
      "dependencies": {
        "tsparticles-engine": "^2.8.0"
      }
    },
    "node_modules/tsparticles-updater-color": {
      "version": "2.8.0",
      "resolved": "https://registry.npmjs.org/tsparticles-updater-color/-/tsparticles-updater-color-2.8.0.tgz",
      "integrity": "sha512-L++4ZYabHzqEQlElSZ6dGAxGJKYeAjRB1YoQVKMJVDots0b9EMpT14s0ihpte/tsYE+cmHeoE5UTPm6FmeAZ4Q==",
      "dependencies": {
        "tsparticles-engine": "^2.8.0"
      }
    },
    "node_modules/tsparticles-updater-destroy": {
      "version": "2.8.0",
      "resolved": "https://registry.npmjs.org/tsparticles-updater-destroy/-/tsparticles-updater-destroy-2.8.0.tgz",
      "integrity": "sha512-dFaPww0wBNEW4DzRIG883eFVrvV3FD7HsUF2M4UCtLpspRAwpVWuypTFoPhZXg9At8Tjh5ynWHZMx8tUzWHFYQ==",
      "dependencies": {
        "tsparticles-engine": "^2.8.0"
      }
    },
    "node_modules/tsparticles-updater-life": {
      "version": "2.8.0",
      "resolved": "https://registry.npmjs.org/tsparticles-updater-life/-/tsparticles-updater-life-2.8.0.tgz",
      "integrity": "sha512-6v/RUmp7UkxqfAgAs4Iz0O9dUVjRjUpFkIvYa8n1sFRgj58k/7jlGPraIhzFRJ/OVC1pT1ev7c4oBDM0KK0QbA==",
      "dependencies": {
        "tsparticles-engine": "^2.8.0"
      }
    },
    "node_modules/tsparticles-updater-opacity": {
      "version": "2.8.0",
      "resolved": "https://registry.npmjs.org/tsparticles-updater-opacity/-/tsparticles-updater-opacity-2.8.0.tgz",
      "integrity": "sha512-L5SQ9k/sH7hzOWqAzxckfSc096kaQeYe3aFKm8WJ8RhCV71rQle381roRhq9qtWfFS//2X+tzcjRDLhhR0jOmg==",
      "dependencies": {
        "tsparticles-engine": "^2.8.0"
      }
    },
    "node_modules/tsparticles-updater-out-modes": {
      "version": "2.8.0",
      "resolved": "https://registry.npmjs.org/tsparticles-updater-out-modes/-/tsparticles-updater-out-modes-2.8.0.tgz",
      "integrity": "sha512-BWJKfCXYMmNbtaq3i2iYFppVeKAb2sAWa5r88uius9nwL4gx1XDFW72m6Sy2f6s9n2r5uhTkMyXNHUeUskJnag==",
      "dependencies": {
        "tsparticles-engine": "^2.8.0"
      }
    },
    "node_modules/tsparticles-updater-roll": {
      "version": "2.8.0",
      "resolved": "https://registry.npmjs.org/tsparticles-updater-roll/-/tsparticles-updater-roll-2.8.0.tgz",
      "integrity": "sha512-+I51iWIrcIC1hl5mZL815QDy3VPymlIcK5Dj5SkizVYHSDYiW6aSeSXwdhyJg27Vh+QRbkSGUL0/5+QV8NUsWQ==",
      "dependencies": {
        "tsparticles-engine": "^2.8.0"
      }
    },
    "node_modules/tsparticles-updater-size": {
      "version": "2.8.0",
      "resolved": "https://registry.npmjs.org/tsparticles-updater-size/-/tsparticles-updater-size-2.8.0.tgz",
      "integrity": "sha512-QnbRObqu3jh2TsblKqfgWlvh9Zt65yoBnGBKdE0ZM3fYF2UCUud8NEqXMd+SoYSHOi78nwRPndrssHCQNh8tqg==",
      "dependencies": {
        "tsparticles-engine": "^2.8.0"
      }
    },
    "node_modules/tsparticles-updater-stroke-color": {
      "version": "2.8.0",
      "resolved": "https://registry.npmjs.org/tsparticles-updater-stroke-color/-/tsparticles-updater-stroke-color-2.8.0.tgz",
      "integrity": "sha512-wihEW5nPfMkqY0H2lxdTxjp7PcdLiJbVVIS43cvUz6bx239BvFv0ZsxNEfh/MNxtzj1Y7fRXhzoc5De02liOJA==",
      "dependencies": {
        "tsparticles-engine": "^2.8.0"
      }
    },
    "node_modules/tsparticles-updater-tilt": {
      "version": "2.8.0",
      "resolved": "https://registry.npmjs.org/tsparticles-updater-tilt/-/tsparticles-updater-tilt-2.8.0.tgz",
      "integrity": "sha512-398ANj2ms9EPHyCqDmP8LNDBvw92vNP07nTt33hQvaFpAgi9u2gH70LgxTdCJil0+mPzW4602fPTD3WyfPCwPA==",
      "dependencies": {
        "tsparticles-engine": "^2.8.0"
      }
    },
    "node_modules/tsparticles-updater-twinkle": {
      "version": "2.8.0",
      "resolved": "https://registry.npmjs.org/tsparticles-updater-twinkle/-/tsparticles-updater-twinkle-2.8.0.tgz",
      "integrity": "sha512-FL55hmZZ/bC4Ou8l8He3bK1rm3PXtjOCdEMpkktzKDcu/WAZ0tZGPNllFKOi1FZ5KovqVLDg42dJzPmGOpoXzg==",
      "dependencies": {
        "tsparticles-engine": "^2.8.0"
      }
    },
    "node_modules/tsparticles-updater-wobble": {
      "version": "2.8.0",
      "resolved": "https://registry.npmjs.org/tsparticles-updater-wobble/-/tsparticles-updater-wobble-2.8.0.tgz",
      "integrity": "sha512-aDQKFKypW+jz8pH0KK5C03/bvkCGStCxBn7Dc9qkVPmtnzyA7+0lRjvYQrTEliq2d1pm67oixmwvskX0jbzdSw==",
      "dependencies": {
        "tsparticles-engine": "^2.8.0"
      }
    },
    "node_modules/vite": {
      "version": "4.1.1",
      "dev": true,
      "license": "MIT",
      "dependencies": {
        "esbuild": "^0.16.14",
        "postcss": "^8.4.21",
        "resolve": "^1.22.1",
        "rollup": "^3.10.0"
      },
      "bin": {
        "vite": "bin/vite.js"
      },
      "engines": {
        "node": "^14.18.0 || >=16.0.0"
      },
      "optionalDependencies": {
        "fsevents": "~2.3.2"
      },
      "peerDependencies": {
        "@types/node": ">= 14",
        "less": "*",
        "sass": "*",
        "stylus": "*",
        "sugarss": "*",
        "terser": "^5.4.0"
      },
      "peerDependenciesMeta": {
        "@types/node": {
          "optional": true
        },
        "less": {
          "optional": true
        },
        "sass": {
          "optional": true
        },
        "stylus": {
          "optional": true
        },
        "sugarss": {
          "optional": true
        },
        "terser": {
          "optional": true
        }
      }
    },
    "node_modules/vue": {
      "version": "3.2.47",
      "license": "MIT",
      "dependencies": {
        "@vue/compiler-dom": "3.2.47",
        "@vue/compiler-sfc": "3.2.47",
        "@vue/runtime-dom": "3.2.47",
        "@vue/server-renderer": "3.2.47",
        "@vue/shared": "3.2.47"
      }
    },
    "node_modules/vue-router": {
      "version": "4.1.6",
      "license": "MIT",
      "dependencies": {
        "@vue/devtools-api": "^6.4.5"
      },
      "funding": {
        "url": "https://github.com/sponsors/posva"
      },
      "peerDependencies": {
        "vue": "^3.2.0"
      }
    },
    "node_modules/vue3-particles": {
      "version": "2.8.0",
      "resolved": "https://registry.npmjs.org/vue3-particles/-/vue3-particles-2.8.0.tgz",
      "integrity": "sha512-siQrZLYxcMcOSdC8peov2fpT8nKpRfgYzuI1APku9fOYPdK7O09rLO66xY/KGo+O90x8AX7+k4TFtbycFzHVIg==",
      "funding": [
        {
          "type": "github",
          "url": "https://github.com/sponsors/matteobruni"
        },
        {
          "type": "buymeacoffee",
          "url": "https://www.buymeacoffee.com/matteobruni"
        }
      ],
      "dependencies": {
        "tsparticles-engine": "^2.8.0",
        "vue": "^3.2.45"
      }
    }
  }
}
